
Microsoft Visual Studio Solution File, Format Version 12.00
# Visual Studio Version 17
VisualStudioVersion = 17.1.32228.430
MinimumVisualStudioVersion = 10.0.40219.1
Project("{9A19103F-16F7-4668-BE54-9A1E7A4F7556}") = "Dynastic.API", "Dynastic.API\Dynastic.API.csproj", "{E9389AE7-EA9B-4E6E-B741-FC60DC84F258}"
EndProject
Project("{9A19103F-16F7-4668-BE54-9A1E7A4F7556}") = "Dynastic.Domain", "Dynastic.Domain\Dynastic.Domain.csproj", "{A243CDDC-6337-4614-987A-4FBC66A4177A}"
EndProject
Project("{9A19103F-16F7-4668-BE54-9A1E7A4F7556}") = "Dynastic.Infrastrucutre", "Dynastic.Architecture\Dynastic.Infrastrucutre.csproj", "{C0E244C4-D5FA-4674-8A05-B1B4349657AE}"
EndProject
Project("{9A19103F-16F7-4668-BE54-9A1E7A4F7556}") = "Dynastic.Application", "Dynastic.Application\Dynastic.Application.csproj", "{7BF19F2D-B182-4BB2-9A21-ECC229DD044F}"
EndProject
Project("{2150E333-8FDC-42A3-9474-1A3956D46DE8}") = "Solution Items", "Solution Items", "{CE708F16-00AA-4BFD-93CA-91931A244AB0}"
	ProjectSection(SolutionItems) = preProject
		.editorconfig = .editorconfig
	EndProjectSection
EndProject
Project("{FAE04EC0-301F-11D3-BF4B-00C04F79EFBC}") = "Dynastic.Application.Test", "Dynastic.Application.Test\Dynastic.Application.Test.csproj", "{D9F69597-AA35-4FD4-B6F0-324D9C350BEB}"
EndProject
Global
	GlobalSection(SolutionConfigurationPlatforms) = preSolution
		Debug|Any CPU = Debug|Any CPU
		Release|Any CPU = Release|Any CPU
	EndGlobalSection
	GlobalSection(ProjectConfigurationPlatforms) = postSolution
		{E9389AE7-EA9B-4E6E-B741-FC60DC84F258}.Debug|Any CPU.ActiveCfg = Debug|Any CPU
		{E9389AE7-EA9B-4E6E-B741-FC60DC84F258}.Debug|Any CPU.Build.0 = Debug|Any CPU
		{E9389AE7-EA9B-4E6E-B741-FC60DC84F258}.Release|Any CPU.ActiveCfg = Release|Any CPU
		{E9389AE7-EA9B-4E6E-B741-FC60DC84F258}.Release|Any CPU.Build.0 = Release|Any CPU
		{A243CDDC-6337-4614-987A-4FBC66A4177A}.Debug|Any CPU.ActiveCfg = Debug|Any CPU
		{A243CDDC-6337-4614-987A-4FBC66A4177A}.Debug|Any CPU.Build.0 = Debug|Any CPU
		{A243CDDC-6337-4614-987A-4FBC66A4177A}.Release|Any CPU.ActiveCfg = Release|Any CPU
		{A243CDDC-6337-4614-987A-4FBC66A4177A}.Release|Any CPU.Build.0 = Release|Any CPU
		{C0E244C4-D5FA-4674-8A05-B1B4349657AE}.Debug|Any CPU.ActiveCfg = Debug|Any CPU
		{C0E244C4-D5FA-4674-8A05-B1B4349657AE}.Debug|Any CPU.Build.0 = Debug|Any CPU
		{C0E244C4-D5FA-4674-8A05-B1B4349657AE}.Release|Any CPU.ActiveCfg = Release|Any CPU
		{C0E244C4-D5FA-4674-8A05-B1B4349657AE}.Release|Any CPU.Build.0 = Release|Any CPU
		{7BF19F2D-B182-4BB2-9A21-ECC229DD044F}.Debug|Any CPU.ActiveCfg = Debug|Any CPU
		{7BF19F2D-B182-4BB2-9A21-ECC229DD044F}.Debug|Any CPU.Build.0 = Debug|Any CPU
		{7BF19F2D-B182-4BB2-9A21-ECC229DD044F}.Release|Any CPU.ActiveCfg = Release|Any CPU
		{7BF19F2D-B182-4BB2-9A21-ECC229DD044F}.Release|Any CPU.Build.0 = Release|Any CPU
		{D9F69597-AA35-4FD4-B6F0-324D9C350BEB}.Debug|Any CPU.ActiveCfg = Debug|Any CPU
		{D9F69597-AA35-4FD4-B6F0-324D9C350BEB}.Debug|Any CPU.Build.0 = Debug|Any CPU
		{D9F69597-AA35-4FD4-B6F0-324D9C350BEB}.Release|Any CPU.ActiveCfg = Release|Any CPU
		{D9F69597-AA35-4FD4-B6F0-324D9C350BEB}.Release|Any CPU.Build.0 = Release|Any CPU
	EndGlobalSection
	GlobalSection(SolutionProperties) = preSolution
		HideSolutionNode = FALSE
	EndGlobalSection
	GlobalSection(ExtensibilityGlobals) = postSolution
		SolutionGuid = {D8F09AB5-57AD-4F19-A90D-2201B686137A}
	EndGlobalSection
EndGlobal
